
Microsoft Visual Studio Solution File, Format Version 12.00
# Visual Studio 2012
Project("{8BC9CEB8-8B4A-11D0-8D11-00A0C91BC942}") = "FATURA OTOMASYONU", "FATURA OTOMASYONU\FATURA OTOMASYONU.vcxproj", "{48AF8DA1-DB0B-4859-92B9-360510355677}"
EndProject
Global
	GlobalSection(SolutionConfigurationPlatforms) = preSolution
		Debug|Win32 = Debug|Win32
		Release|Win32 = Release|Win32
	EndGlobalSection
	GlobalSection(ProjectConfigurationPlatforms) = postSolution
		{48AF8DA1-DB0B-4859-92B9-360510355677}.Debug|Win32.ActiveCfg = Debug|Win32
		{48AF8DA1-DB0B-4859-92B9-360510355677}.Debug|Win32.Build.0 = Debug|Win32
		{48AF8DA1-DB0B-4859-92B9-360510355677}.Release|Win32.ActiveCfg = Release|Win32
		{48AF8DA1-DB0B-4859-92B9-360510355677}.Release|Win32.Build.0 = Release|Win32
	EndGlobalSection
	GlobalSection(SolutionProperties) = preSolution
		HideSolutionNode = FALSE
	EndGlobalSection
EndGlobal
